schema: '2.0'
stages:
  process_embsi_files:
    cmd: python stages/01_process_embsi_files.py
    deps:
    - path: resources/embsi
      hash: md5
      md5: 6610eb041d04c0a0a8cd0c8db389acff.dir
      size: 111847
      nfiles: 6
    - path: stages/01_process_embsi_files.py
      hash: md5
      md5: f8c1646020ab6645b6deb5213fc96551
      size: 1309
    outs:
    - path: cache/process_embsi_files/dnt.parquet
      hash: md5
      md5: 9b9bd7ea1f8fb103a54862558f044770
      size: 15819
    - path: cache/process_embsi_files/reprotox.parquet
      hash: md5
      md5: 12fd4d3555b4e45584a29eac49b7ccc4
      size: 24104
