schema: '2.0'
stages:
  download_zinc:
    cmd: bash stages/01_download_zinc.sh
    deps:
    - path: stages/01_download_zinc.sh
      hash: md5
      md5: 36d2e49b58ce47195bf6b921b046a53c
      size: 145714
    outs:
    - path: download
      hash: md5
      md5: a7e64abe6d011d72f704dbd69c9bd29c.dir
      size: 101544958334
      nfiles: 1914
  build_zinc:
    cmd: stages/02_build_zinc.sh
    deps:
    - path: download
      hash: md5
      md5: a7e64abe6d011d72f704dbd69c9bd29c.dir
      size: 101544958334
      nfiles: 1914
    - path: stages/02_build_zinc.sh
      hash: md5
      md5: cfade2774c4020c3bdaea8274feb69fb
      size: 280
    outs:
    - path: raw/zinc.parquet
      hash: md5
      md5: 06bca4bb5929941117ecaf5e08e8ddf9.dir
      size: 44726746609
      nfiles: 37
  filter_zinc_phthalates:
    cmd: python stages/03_filter_phtalates.py
    deps:
    - path: raw/zinc.parquet
      hash: md5
      md5: 06bca4bb5929941117ecaf5e08e8ddf9.dir
      size: 44726746609
      nfiles: 37
    - path: stages/03_filter_phtalates.py
      hash: md5
      md5: 147b841f4a4c9e6606666b9615a8bc1f
      size: 1709
    outs:
    - path: raw/zinc_phthalates
      hash: md5
      md5: 6f742f61f679834cbbf9d5f9712131cc.dir
      size: 3431276
      nfiles: 37
  harmonize_zinc_phthalates:
    cmd: python stages/04_add_chemharmony_fields.py
    deps:
    - path: raw/zinc_phthalates
      hash: md5
      md5: 6f742f61f679834cbbf9d5f9712131cc.dir
      size: 3431276
      nfiles: 37
    - path: stages/04_add_chemharmony_fields.py
      hash: md5
      md5: f1e1d24060306cfd36b1c14debf175b9
      size: 1645
    outs:
    - path: raw/harmonized_phthalates
      hash: md5
      md5: a81cfcecf1fc93ffd8167eac305ae794.dir
      size: 4565200
      nfiles: 37
